
Microsoft Visual Studio Solution File, Format Version 12.00
# Visual Studio Version 16
VisualStudioVersion = 16.0.32106.194
MinimumVisualStudioVersion = 10.0.40219.1
Project("{9A19103F-16F7-4668-BE54-9A1E7A4F7556}") = "DesignPatterns", "DesignPatterns.csproj", "{349F127D-5A58-49F7-BE96-7B2F12BAC4E2}"
EndProject
Project("{2150E333-8FDC-42A3-9474-1A3956D46DE8}") = "DesignPatternsIntro", "DesignPatternsIntro", "{8EC023DD-FBCE-4F0B-B9A7-D43822EA81FF}"
EndProject
Project("{2150E333-8FDC-42A3-9474-1A3956D46DE8}") = "SOLID", "SOLID", "{E90034F0-1639-4579-89B2-8B3F796E5F7C}"
EndProject
Project("{9A19103F-16F7-4668-BE54-9A1E7A4F7556}") = "SingleResponsibility", "..\SingleResponsibility\SingleResponsibility.csproj", "{A2ED004A-17E3-443E-8046-84F3874F1D91}"
EndProject
Project("{9A19103F-16F7-4668-BE54-9A1E7A4F7556}") = "OpenClose", "..\OpenClose\OpenClose.csproj", "{BAE2F488-E013-4B05-8C10-B1E9AB8C817E}"
EndProject
Project("{9A19103F-16F7-4668-BE54-9A1E7A4F7556}") = "LiskovSubstitution", "..\LiskovSubstitution\LiskovSubstitution.csproj", "{4446FABB-B507-4529-A69D-25B3151BA696}"
EndProject
Project("{9A19103F-16F7-4668-BE54-9A1E7A4F7556}") = "InterfaceSegregation", "..\InterfaceSegregation\InterfaceSegregation.csproj", "{ED751668-6198-4114-BE7D-FEDE879C73DF}"
EndProject
Project("{9A19103F-16F7-4668-BE54-9A1E7A4F7556}") = "DependencyInversion", "..\DependencyInversion\DependencyInversion.csproj", "{EBD6AA2C-95D6-4487-BCF1-2CC183EC76DD}"
EndProject
Project("{2150E333-8FDC-42A3-9474-1A3956D46DE8}") = "Creational", "Creational", "{386B5598-9F2C-4E0E-944A-DF91A2802D6A}"
EndProject
Project("{9A19103F-16F7-4668-BE54-9A1E7A4F7556}") = "Builder", "..\Builder\Builder.csproj", "{DCAE973B-8E60-4C57-ADFA-5B608B26746D}"
EndProject
Project("{9A19103F-16F7-4668-BE54-9A1E7A4F7556}") = "Factory", "..\Factory\Factory.csproj", "{8316F186-A89B-4712-83C1-A31B61BD2CF6}"
EndProject
Project("{9A19103F-16F7-4668-BE54-9A1E7A4F7556}") = "AbstractFactory", "..\AbstractFactory\AbstractFactory.csproj", "{67A9878A-F0A9-4A53-A352-CED0037A5BCE}"
EndProject
Project("{9A19103F-16F7-4668-BE54-9A1E7A4F7556}") = "Prototype", "..\Prototype\Prototype.csproj", "{FF726928-89AE-40E0-9125-616E42FE7DAA}"
EndProject
Project("{9A19103F-16F7-4668-BE54-9A1E7A4F7556}") = "Singleton", "..\Singleton\Singleton.csproj", "{97566FD7-3559-423A-8BAF-6F33608EDF19}"
EndProject
Project("{2150E333-8FDC-42A3-9474-1A3956D46DE8}") = "Behavioral", "Behavioral", "{92AFFF47-1DF7-43F8-9716-9EE098EA9731}"
EndProject
Project("{FAE04EC0-301F-11D3-BF4B-00C04F79EFBC}") = "Strategy", "..\Strategy\Strategy.csproj", "{932C2EB9-C62D-4C5F-A115-2FF0682D1B8E}"
EndProject
Project("{FAE04EC0-301F-11D3-BF4B-00C04F79EFBC}") = "Observer", "..\Observer\Observer.csproj", "{07CD3DCE-EE08-4616-8CD6-837E2E044379}"
EndProject
Project("{FAE04EC0-301F-11D3-BF4B-00C04F79EFBC}") = "Mediator", "..\Mediator\Mediator.csproj", "{A21A207E-F14D-4AFB-8B36-ED76D2723F31}"
EndProject
Project("{FAE04EC0-301F-11D3-BF4B-00C04F79EFBC}") = "ChainOfResponsibility", "..\ChainOfResponsibility\ChainOfResponsibility.csproj", "{3E16ACEB-299E-4B4D-9872-FC65546E264A}"
EndProject
Project("{FAE04EC0-301F-11D3-BF4B-00C04F79EFBC}") = "TemplateMethod", "..\TemplateMethod\TemplateMethod.csproj", "{20E5CBFB-2FC9-4882-9906-E8A13B627D8C}"
EndProject
Project("{FAE04EC0-301F-11D3-BF4B-00C04F79EFBC}") = "State", "..\State\State.csproj", "{959503B7-3BB5-4D13-B52C-0F83A76FA04A}"
EndProject
Global
	GlobalSection(SolutionConfigurationPlatforms) = preSolution
		Debug|Any CPU = Debug|Any CPU
		Release|Any CPU = Release|Any CPU
	EndGlobalSection
	GlobalSection(ProjectConfigurationPlatforms) = postSolution
		{349F127D-5A58-49F7-BE96-7B2F12BAC4E2}.Debug|Any CPU.ActiveCfg = Debug|Any CPU
		{349F127D-5A58-49F7-BE96-7B2F12BAC4E2}.Debug|Any CPU.Build.0 = Debug|Any CPU
		{349F127D-5A58-49F7-BE96-7B2F12BAC4E2}.Release|Any CPU.ActiveCfg = Release|Any CPU
		{349F127D-5A58-49F7-BE96-7B2F12BAC4E2}.Release|Any CPU.Build.0 = Release|Any CPU
		{A2ED004A-17E3-443E-8046-84F3874F1D91}.Debug|Any CPU.ActiveCfg = Debug|Any CPU
		{A2ED004A-17E3-443E-8046-84F3874F1D91}.Debug|Any CPU.Build.0 = Debug|Any CPU
		{A2ED004A-17E3-443E-8046-84F3874F1D91}.Release|Any CPU.ActiveCfg = Release|Any CPU
		{A2ED004A-17E3-443E-8046-84F3874F1D91}.Release|Any CPU.Build.0 = Release|Any CPU
		{BAE2F488-E013-4B05-8C10-B1E9AB8C817E}.Debug|Any CPU.ActiveCfg = Debug|Any CPU
		{BAE2F488-E013-4B05-8C10-B1E9AB8C817E}.Debug|Any CPU.Build.0 = Debug|Any CPU
		{BAE2F488-E013-4B05-8C10-B1E9AB8C817E}.Release|Any CPU.ActiveCfg = Release|Any CPU
		{BAE2F488-E013-4B05-8C10-B1E9AB8C817E}.Release|Any CPU.Build.0 = Release|Any CPU
		{4446FABB-B507-4529-A69D-25B3151BA696}.Debug|Any CPU.ActiveCfg = Debug|Any CPU
		{4446FABB-B507-4529-A69D-25B3151BA696}.Debug|Any CPU.Build.0 = Debug|Any CPU
		{4446FABB-B507-4529-A69D-25B3151BA696}.Release|Any CPU.ActiveCfg = Release|Any CPU
		{4446FABB-B507-4529-A69D-25B3151BA696}.Release|Any CPU.Build.0 = Release|Any CPU
		{ED751668-6198-4114-BE7D-FEDE879C73DF}.Debug|Any CPU.ActiveCfg = Debug|Any CPU
		{ED751668-6198-4114-BE7D-FEDE879C73DF}.Debug|Any CPU.Build.0 = Debug|Any CPU
		{ED751668-6198-4114-BE7D-FEDE879C73DF}.Release|Any CPU.ActiveCfg = Release|Any CPU
		{ED751668-6198-4114-BE7D-FEDE879C73DF}.Release|Any CPU.Build.0 = Release|Any CPU
		{EBD6AA2C-95D6-4487-BCF1-2CC183EC76DD}.Debug|Any CPU.ActiveCfg = Debug|Any CPU
		{EBD6AA2C-95D6-4487-BCF1-2CC183EC76DD}.Debug|Any CPU.Build.0 = Debug|Any CPU
		{EBD6AA2C-95D6-4487-BCF1-2CC183EC76DD}.Release|Any CPU.ActiveCfg = Release|Any CPU
		{EBD6AA2C-95D6-4487-BCF1-2CC183EC76DD}.Release|Any CPU.Build.0 = Release|Any CPU
		{DCAE973B-8E60-4C57-ADFA-5B608B26746D}.Debug|Any CPU.ActiveCfg = Debug|Any CPU
		{DCAE973B-8E60-4C57-ADFA-5B608B26746D}.Debug|Any CPU.Build.0 = Debug|Any CPU
		{DCAE973B-8E60-4C57-ADFA-5B608B26746D}.Release|Any CPU.ActiveCfg = Release|Any CPU
		{DCAE973B-8E60-4C57-ADFA-5B608B26746D}.Release|Any CPU.Build.0 = Release|Any CPU
		{8316F186-A89B-4712-83C1-A31B61BD2CF6}.Debug|Any CPU.ActiveCfg = Debug|Any CPU
		{8316F186-A89B-4712-83C1-A31B61BD2CF6}.Debug|Any CPU.Build.0 = Debug|Any CPU
		{8316F186-A89B-4712-83C1-A31B61BD2CF6}.Release|Any CPU.ActiveCfg = Release|Any CPU
		{8316F186-A89B-4712-83C1-A31B61BD2CF6}.Release|Any CPU.Build.0 = Release|Any CPU
		{67A9878A-F0A9-4A53-A352-CED0037A5BCE}.Debug|Any CPU.ActiveCfg = Debug|Any CPU
		{67A9878A-F0A9-4A53-A352-CED0037A5BCE}.Debug|Any CPU.Build.0 = Debug|Any CPU
		{67A9878A-F0A9-4A53-A352-CED0037A5BCE}.Release|Any CPU.ActiveCfg = Release|Any CPU
		{67A9878A-F0A9-4A53-A352-CED0037A5BCE}.Release|Any CPU.Build.0 = Release|Any CPU
		{FF726928-89AE-40E0-9125-616E42FE7DAA}.Debug|Any CPU.ActiveCfg = Debug|Any CPU
		{FF726928-89AE-40E0-9125-616E42FE7DAA}.Debug|Any CPU.Build.0 = Debug|Any CPU
		{FF726928-89AE-40E0-9125-616E42FE7DAA}.Release|Any CPU.ActiveCfg = Release|Any CPU
		{FF726928-89AE-40E0-9125-616E42FE7DAA}.Release|Any CPU.Build.0 = Release|Any CPU
		{97566FD7-3559-423A-8BAF-6F33608EDF19}.Debug|Any CPU.ActiveCfg = Debug|Any CPU
		{97566FD7-3559-423A-8BAF-6F33608EDF19}.Debug|Any CPU.Build.0 = Debug|Any CPU
		{97566FD7-3559-423A-8BAF-6F33608EDF19}.Release|Any CPU.ActiveCfg = Release|Any CPU
		{97566FD7-3559-423A-8BAF-6F33608EDF19}.Release|Any CPU.Build.0 = Release|Any CPU
		{932C2EB9-C62D-4C5F-A115-2FF0682D1B8E}.Debug|Any CPU.ActiveCfg = Debug|Any CPU
		{932C2EB9-C62D-4C5F-A115-2FF0682D1B8E}.Debug|Any CPU.Build.0 = Debug|Any CPU
		{932C2EB9-C62D-4C5F-A115-2FF0682D1B8E}.Release|Any CPU.ActiveCfg = Release|Any CPU
		{932C2EB9-C62D-4C5F-A115-2FF0682D1B8E}.Release|Any CPU.Build.0 = Release|Any CPU
		{07CD3DCE-EE08-4616-8CD6-837E2E044379}.Debug|Any CPU.ActiveCfg = Debug|Any CPU
		{07CD3DCE-EE08-4616-8CD6-837E2E044379}.Debug|Any CPU.Build.0 = Debug|Any CPU
		{07CD3DCE-EE08-4616-8CD6-837E2E044379}.Release|Any CPU.ActiveCfg = Release|Any CPU
		{07CD3DCE-EE08-4616-8CD6-837E2E044379}.Release|Any CPU.Build.0 = Release|Any CPU
		{A21A207E-F14D-4AFB-8B36-ED76D2723F31}.Debug|Any CPU.ActiveCfg = Debug|Any CPU
		{A21A207E-F14D-4AFB-8B36-ED76D2723F31}.Debug|Any CPU.Build.0 = Debug|Any CPU
		{A21A207E-F14D-4AFB-8B36-ED76D2723F31}.Release|Any CPU.ActiveCfg = Release|Any CPU
		{A21A207E-F14D-4AFB-8B36-ED76D2723F31}.Release|Any CPU.Build.0 = Release|Any CPU
		{3E16ACEB-299E-4B4D-9872-FC65546E264A}.Debug|Any CPU.ActiveCfg = Debug|Any CPU
		{3E16ACEB-299E-4B4D-9872-FC65546E264A}.Debug|Any CPU.Build.0 = Debug|Any CPU
		{3E16ACEB-299E-4B4D-9872-FC65546E264A}.Release|Any CPU.ActiveCfg = Release|Any CPU
		{3E16ACEB-299E-4B4D-9872-FC65546E264A}.Release|Any CPU.Build.0 = Release|Any CPU
		{20E5CBFB-2FC9-4882-9906-E8A13B627D8C}.Debug|Any CPU.ActiveCfg = Debug|Any CPU
		{20E5CBFB-2FC9-4882-9906-E8A13B627D8C}.Debug|Any CPU.Build.0 = Debug|Any CPU
		{20E5CBFB-2FC9-4882-9906-E8A13B627D8C}.Release|Any CPU.ActiveCfg = Release|Any CPU
		{20E5CBFB-2FC9-4882-9906-E8A13B627D8C}.Release|Any CPU.Build.0 = Release|Any CPU
		{959503B7-3BB5-4D13-B52C-0F83A76FA04A}.Debug|Any CPU.ActiveCfg = Debug|Any CPU
		{959503B7-3BB5-4D13-B52C-0F83A76FA04A}.Debug|Any CPU.Build.0 = Debug|Any CPU
		{959503B7-3BB5-4D13-B52C-0F83A76FA04A}.Release|Any CPU.ActiveCfg = Release|Any CPU
		{959503B7-3BB5-4D13-B52C-0F83A76FA04A}.Release|Any CPU.Build.0 = Release|Any CPU
	EndGlobalSection
	GlobalSection(SolutionProperties) = preSolution
		HideSolutionNode = FALSE
	EndGlobalSection
	GlobalSection(NestedProjects) = preSolution
		{349F127D-5A58-49F7-BE96-7B2F12BAC4E2} = {8EC023DD-FBCE-4F0B-B9A7-D43822EA81FF}
		{A2ED004A-17E3-443E-8046-84F3874F1D91} = {E90034F0-1639-4579-89B2-8B3F796E5F7C}
		{BAE2F488-E013-4B05-8C10-B1E9AB8C817E} = {E90034F0-1639-4579-89B2-8B3F796E5F7C}
		{4446FABB-B507-4529-A69D-25B3151BA696} = {E90034F0-1639-4579-89B2-8B3F796E5F7C}
		{ED751668-6198-4114-BE7D-FEDE879C73DF} = {E90034F0-1639-4579-89B2-8B3F796E5F7C}
		{EBD6AA2C-95D6-4487-BCF1-2CC183EC76DD} = {E90034F0-1639-4579-89B2-8B3F796E5F7C}
		{DCAE973B-8E60-4C57-ADFA-5B608B26746D} = {386B5598-9F2C-4E0E-944A-DF91A2802D6A}
		{8316F186-A89B-4712-83C1-A31B61BD2CF6} = {386B5598-9F2C-4E0E-944A-DF91A2802D6A}
		{67A9878A-F0A9-4A53-A352-CED0037A5BCE} = {386B5598-9F2C-4E0E-944A-DF91A2802D6A}
		{FF726928-89AE-40E0-9125-616E42FE7DAA} = {386B5598-9F2C-4E0E-944A-DF91A2802D6A}
		{97566FD7-3559-423A-8BAF-6F33608EDF19} = {386B5598-9F2C-4E0E-944A-DF91A2802D6A}
		{932C2EB9-C62D-4C5F-A115-2FF0682D1B8E} = {92AFFF47-1DF7-43F8-9716-9EE098EA9731}
		{07CD3DCE-EE08-4616-8CD6-837E2E044379} = {92AFFF47-1DF7-43F8-9716-9EE098EA9731}
		{A21A207E-F14D-4AFB-8B36-ED76D2723F31} = {92AFFF47-1DF7-43F8-9716-9EE098EA9731}
		{3E16ACEB-299E-4B4D-9872-FC65546E264A} = {92AFFF47-1DF7-43F8-9716-9EE098EA9731}
		{20E5CBFB-2FC9-4882-9906-E8A13B627D8C} = {92AFFF47-1DF7-43F8-9716-9EE098EA9731}
		{959503B7-3BB5-4D13-B52C-0F83A76FA04A} = {92AFFF47-1DF7-43F8-9716-9EE098EA9731}
	EndGlobalSection
	GlobalSection(ExtensibilityGlobals) = postSolution
		SolutionGuid = {0FA5FD9A-BA89-4CA9-BC05-AEE6F5FF8B32}
	EndGlobalSection
EndGlobal
