
Microsoft Visual Studio Solution File, Format Version 12.00
# Visual Studio Version 16
VisualStudioVersion = 16.0.32106.194
MinimumVisualStudioVersion = 10.0.40219.1
Project("{9A19103F-16F7-4668-BE54-9A1E7A4F7556}") = "DesignPatterns", "DesignPatterns.csproj", "{349F127D-5A58-49F7-BE96-7B2F12BAC4E2}"
EndProject
Project("{2150E333-8FDC-42A3-9474-1A3956D46DE8}") = "DesignPatternsIntro", "DesignPatternsIntro", "{8EC023DD-FBCE-4F0B-B9A7-D43822EA81FF}"
EndProject
Project("{2150E333-8FDC-42A3-9474-1A3956D46DE8}") = "SOLID", "SOLID", "{E90034F0-1639-4579-89B2-8B3F796E5F7C}"
EndProject
Project("{9A19103F-16F7-4668-BE54-9A1E7A4F7556}") = "SingleResponsibility", "..\SingleResponsibility\SingleResponsibility.csproj", "{A2ED004A-17E3-443E-8046-84F3874F1D91}"
EndProject
Project("{9A19103F-16F7-4668-BE54-9A1E7A4F7556}") = "OpenClose", "..\OpenClose\OpenClose.csproj", "{BAE2F488-E013-4B05-8C10-B1E9AB8C817E}"
EndProject
Project("{FAE04EC0-301F-11D3-BF4B-00C04F79EFBC}") = "LiskovSubstitution", "..\LiskovSubstitution\LiskovSubstitution.csproj", "{4446FABB-B507-4529-A69D-25B3151BA696}"
EndProject
Global
	GlobalSection(SolutionConfigurationPlatforms) = preSolution
		Debug|Any CPU = Debug|Any CPU
		Release|Any CPU = Release|Any CPU
	EndGlobalSection
	GlobalSection(ProjectConfigurationPlatforms) = postSolution
		{349F127D-5A58-49F7-BE96-7B2F12BAC4E2}.Debug|Any CPU.ActiveCfg = Debug|Any CPU
		{349F127D-5A58-49F7-BE96-7B2F12BAC4E2}.Debug|Any CPU.Build.0 = Debug|Any CPU
		{349F127D-5A58-49F7-BE96-7B2F12BAC4E2}.Release|Any CPU.ActiveCfg = Release|Any CPU
		{349F127D-5A58-49F7-BE96-7B2F12BAC4E2}.Release|Any CPU.Build.0 = Release|Any CPU
		{A2ED004A-17E3-443E-8046-84F3874F1D91}.Debug|Any CPU.ActiveCfg = Debug|Any CPU
		{A2ED004A-17E3-443E-8046-84F3874F1D91}.Debug|Any CPU.Build.0 = Debug|Any CPU
		{A2ED004A-17E3-443E-8046-84F3874F1D91}.Release|Any CPU.ActiveCfg = Release|Any CPU
		{A2ED004A-17E3-443E-8046-84F3874F1D91}.Release|Any CPU.Build.0 = Release|Any CPU
		{BAE2F488-E013-4B05-8C10-B1E9AB8C817E}.Debug|Any CPU.ActiveCfg = Debug|Any CPU
		{BAE2F488-E013-4B05-8C10-B1E9AB8C817E}.Debug|Any CPU.Build.0 = Debug|Any CPU
		{BAE2F488-E013-4B05-8C10-B1E9AB8C817E}.Release|Any CPU.ActiveCfg = Release|Any CPU
		{BAE2F488-E013-4B05-8C10-B1E9AB8C817E}.Release|Any CPU.Build.0 = Release|Any CPU
		{4446FABB-B507-4529-A69D-25B3151BA696}.Debug|Any CPU.ActiveCfg = Debug|Any CPU
		{4446FABB-B507-4529-A69D-25B3151BA696}.Debug|Any CPU.Build.0 = Debug|Any CPU
		{4446FABB-B507-4529-A69D-25B3151BA696}.Release|Any CPU.ActiveCfg = Release|Any CPU
		{4446FABB-B507-4529-A69D-25B3151BA696}.Release|Any CPU.Build.0 = Release|Any CPU
	EndGlobalSection
	GlobalSection(SolutionProperties) = preSolution
		HideSolutionNode = FALSE
	EndGlobalSection
	GlobalSection(NestedProjects) = preSolution
		{349F127D-5A58-49F7-BE96-7B2F12BAC4E2} = {8EC023DD-FBCE-4F0B-B9A7-D43822EA81FF}
		{A2ED004A-17E3-443E-8046-84F3874F1D91} = {E90034F0-1639-4579-89B2-8B3F796E5F7C}
		{BAE2F488-E013-4B05-8C10-B1E9AB8C817E} = {E90034F0-1639-4579-89B2-8B3F796E5F7C}
		{4446FABB-B507-4529-A69D-25B3151BA696} = {E90034F0-1639-4579-89B2-8B3F796E5F7C}
	EndGlobalSection
	GlobalSection(ExtensibilityGlobals) = postSolution
		SolutionGuid = {0FA5FD9A-BA89-4CA9-BC05-AEE6F5FF8B32}
	EndGlobalSection
EndGlobal
